
Microsoft Visual Studio Solution File, Format Version 12.00
# Visual Studio 14
VisualStudioVersion = 14.0.24720.0
MinimumVisualStudioVersion = 10.0.40219.1
Project("{2150E333-8FDC-42A3-9474-1A3956D46DE8}") = ".nuget", ".nuget", "{A0048C6E-E29B-40FE-A3F4-1F6943C71970}"
	ProjectSection(SolutionItems) = preProject
		.nuget\NuGet.Config = .nuget\NuGet.Config
		.nuget\NuGet.exe = .nuget\NuGet.exe
		.nuget\NuGet.targets = .nuget\NuGet.targets
	EndProjectSection
EndProject
Project("{D215BB4A-8844-4A07-8915-63A356B77792}") = "Bonsai.Harp", "Bonsai.Harp\Bonsai.Harp.csproj", "{4794A074-C5B6-4A4A-BA69-B35087E429F3}"
EndProject
Global
	GlobalSection(SolutionConfigurationPlatforms) = preSolution
		Debug|Any CPU = Debug|Any CPU
		Release|Any CPU = Release|Any CPU
	EndGlobalSection
	GlobalSection(ProjectConfigurationPlatforms) = postSolution
		{4794A074-C5B6-4A4A-BA69-B35087E429F3}.Debug|Any CPU.ActiveCfg = Debug|Any CPU
		{4794A074-C5B6-4A4A-BA69-B35087E429F3}.Debug|Any CPU.Build.0 = Debug|Any CPU
		{4794A074-C5B6-4A4A-BA69-B35087E429F3}.Debug|Any CPU.Deploy.0 = Debug|Any CPU
		{4794A074-C5B6-4A4A-BA69-B35087E429F3}.Release|Any CPU.ActiveCfg = Release|Any CPU
		{4794A074-C5B6-4A4A-BA69-B35087E429F3}.Release|Any CPU.Build.0 = Release|Any CPU
	EndGlobalSection
	GlobalSection(SolutionProperties) = preSolution
		HideSolutionNode = FALSE
	EndGlobalSection
EndGlobal
